
Microsoft Visual Studio Solution File, Format Version 12.00
# Visual Studio 2013
VisualStudioVersion = 12.0.40629.0
MinimumVisualStudioVersion = 10.0.40219.1
Project("{FAE04EC0-301F-11D3-BF4B-00C04F79EFBC}") = "SingleResponsibilityPrinciple", "SingleResponsibilityPrinciple\SingleResponsibilityPrinciple.csproj", "{81239BF3-DA59-47C9-960F-94403FCA5F3C}"
EndProject
Project("{FAE04EC0-301F-11D3-BF4B-00C04F79EFBC}") = "OpenClosedPrinciple", "OpenClosedPrinciple\OpenClosedPrinciple.csproj", "{ECA6FE6F-7827-4AB6-98AA-AA32C374D774}"
EndProject
Project("{FAE04EC0-301F-11D3-BF4B-00C04F79EFBC}") = "Liskov substitution Principle", "Liskov substitution Principle\Liskov substitution Principle.csproj", "{82FA05B3-4146-4134-9304-4B9A517EB381}"
EndProject
Project("{FAE04EC0-301F-11D3-BF4B-00C04F79EFBC}") = "Interface Segregation Principle", "Interface Segregation Principle\Interface Segregation Principle.csproj", "{C3238B54-2FE3-411D-AACF-B0888969037B}"
EndProject
Project("{FAE04EC0-301F-11D3-BF4B-00C04F79EFBC}") = "Dependency Inversion Principle", "Dependency Inversion Principle\Dependency Inversion Principle.csproj", "{02368616-C1DC-4CCB-8E6D-FD8F669AA71D}"
EndProject
Global
	GlobalSection(SolutionConfigurationPlatforms) = preSolution
		Debug|Any CPU = Debug|Any CPU
		Release|Any CPU = Release|Any CPU
	EndGlobalSection
	GlobalSection(ProjectConfigurationPlatforms) = postSolution
		{81239BF3-DA59-47C9-960F-94403FCA5F3C}.Debug|Any CPU.ActiveCfg = Debug|Any CPU
		{81239BF3-DA59-47C9-960F-94403FCA5F3C}.Debug|Any CPU.Build.0 = Debug|Any CPU
		{81239BF3-DA59-47C9-960F-94403FCA5F3C}.Release|Any CPU.ActiveCfg = Release|Any CPU
		{81239BF3-DA59-47C9-960F-94403FCA5F3C}.Release|Any CPU.Build.0 = Release|Any CPU
		{ECA6FE6F-7827-4AB6-98AA-AA32C374D774}.Debug|Any CPU.ActiveCfg = Debug|Any CPU
		{ECA6FE6F-7827-4AB6-98AA-AA32C374D774}.Debug|Any CPU.Build.0 = Debug|Any CPU
		{ECA6FE6F-7827-4AB6-98AA-AA32C374D774}.Release|Any CPU.ActiveCfg = Release|Any CPU
		{ECA6FE6F-7827-4AB6-98AA-AA32C374D774}.Release|Any CPU.Build.0 = Release|Any CPU
		{82FA05B3-4146-4134-9304-4B9A517EB381}.Debug|Any CPU.ActiveCfg = Debug|Any CPU
		{82FA05B3-4146-4134-9304-4B9A517EB381}.Debug|Any CPU.Build.0 = Debug|Any CPU
		{82FA05B3-4146-4134-9304-4B9A517EB381}.Release|Any CPU.ActiveCfg = Release|Any CPU
		{82FA05B3-4146-4134-9304-4B9A517EB381}.Release|Any CPU.Build.0 = Release|Any CPU
		{C3238B54-2FE3-411D-AACF-B0888969037B}.Debug|Any CPU.ActiveCfg = Debug|Any CPU
		{C3238B54-2FE3-411D-AACF-B0888969037B}.Debug|Any CPU.Build.0 = Debug|Any CPU
		{C3238B54-2FE3-411D-AACF-B0888969037B}.Release|Any CPU.ActiveCfg = Release|Any CPU
		{C3238B54-2FE3-411D-AACF-B0888969037B}.Release|Any CPU.Build.0 = Release|Any CPU
		{02368616-C1DC-4CCB-8E6D-FD8F669AA71D}.Debug|Any CPU.ActiveCfg = Debug|Any CPU
		{02368616-C1DC-4CCB-8E6D-FD8F669AA71D}.Debug|Any CPU.Build.0 = Debug|Any CPU
		{02368616-C1DC-4CCB-8E6D-FD8F669AA71D}.Release|Any CPU.ActiveCfg = Release|Any CPU
		{02368616-C1DC-4CCB-8E6D-FD8F669AA71D}.Release|Any CPU.Build.0 = Release|Any CPU
	EndGlobalSection
	GlobalSection(SolutionProperties) = preSolution
		HideSolutionNode = FALSE
	EndGlobalSection
EndGlobal
